// !$*UTF8*$!
{
	archiveVersion = 1;
	classes = {
	};
	objectVersion = 77;
	objects = {

/* Begin PBXContainerItemProxy section */
		AD801BBD2F084B8400EF88AB /* PBXContainerItemProxy */ = {
			isa = PBXContainerItemProxy;
			containerPortal = AD801BA72F084B8100EF88AB /* Project object */;
			proxyType = 1;
			remoteGlobalIDString = AD801BAE2F084B8200EF88AB;
			remoteInfo = house_plants;
		};
		AD801BC72F084B8400EF88AB /* PBXContainerItemProxy */ = {
			isa = PBXContainerItemProxy;
			containerPortal = AD801BA72F084B8100EF88AB /* Project object */;
			proxyType = 1;
			remoteGlobalIDString = AD801BAE2F084B8200EF88AB;
			remoteInfo = house_plants;
		};
/* End PBXContainerItemProxy section */

/* Begin PBXFileReference section */
		AD801BAF2F084B8200EF88AB /* house_plants.app */ = {isa = PBXFileReference; explicitFileType = wrapper.application; includeInIndex = 0; path = house_plants.app; sourceTree = BUILT_PRODUCTS_DIR; };
		AD801BBC2F084B8400EF88AB /* house_plantsTests.xctest */ = {isa = PBXFileReference; explicitFileType = wrapper.cfbundle; includeInIndex = 0; path = house_plantsTests.xctest; sourceTree = BUILT_PRODUCTS_DIR; };
		AD801BC62F084B8400EF88AB /* house_plantsUITests.xctest */ = {isa = PBXFileReference; explicitFileType = wrapper.cfbundle; includeInIndex = 0; path = house_plantsUITests.xctest; sourceTree = BUILT_PRODUCTS_DIR; };
/* End PBXFileReference section */

/* Begin PBXFileSystemSynchronizedRootGroup section */
		AD801BB12F084B8200EF88AB /* house_plants */ = {
			isa = PBXFileSystemSynchronizedRootGroup;
			path = house_plants;
			sourceTree = "<group>";
		};
		AD801BBF2F084B8400EF88AB /* house_plantsTests */ = {
			isa = PBXFileSystemSynchronizedRootGroup;
			path = house_plantsTests;
			sourceTree = "<group>";
		};
		AD801BC92F084B8400EF88AB /* house_plantsUITests */ = {
			isa = PBXFileSystemSynchronizedRootGroup;
			path = house_plantsUITests;
			sourceTree = "<group>";
		};
		AD801BDA2F085BBB00EF88AB /* Models */ = {
			isa = PBXFileSystemSynchronizedRootGroup;
			path = Models;
			sourceTree = "<group>";
		};
		AD801BE12F085BF300EF88AB /* Services */ = {
			isa = PBXFileSystemSynchronizedRootGroup;
			path = Services;
			sourceTree = "<group>";
		};
		AD801BE52F085C2300EF88AB /* ViewModels */ = {
			isa = PBXFileSystemSynchronizedRootGroup;
			path = ViewModels;
			sourceTree = "<group>";
		};
		AD801BEC2F085C5800EF88AB /* Views */ = {
			isa = PBXFileSystemSynchronizedRootGroup;
			path = Views;
			sourceTree = "<group>";
		};
/* End PBXFileSystemSynchronizedRootGroup section */

/* Begin PBXFrameworksBuildPhase section */
		AD801BAC2F084B8200EF88AB /* Frameworks */ = {
			isa = PBXFrameworksBuildPhase;
			buildActionMask = 2147483647;
			files = (
			);
			runOnlyForDeploymentPostprocessing = 0;
		};
		AD801BB92F084B8400EF88AB /* Frameworks */ = {
			isa = PBXFrameworksBuildPhase;
			buildActionMask = 2147483647;
			files = (
			);
			runOnlyForDeploymentPostprocessing = 0;
		};
		AD801BC32F084B8400EF88AB /* Frameworks */ = {
			isa = PBXFrameworksBuildPhase;
			buildActionMask = 2147483647;
			files = (
			);
			runOnlyForDeploymentPostprocessing = 0;
		};
/* End PBXFrameworksBuildPhase section */

/* Begin PBXGroup section */
		AD801BA62F084B8100EF88AB = {
			isa = PBXGroup;
			children = (
				AD801BEC2F085C5800EF88AB /* Views */,
				AD801BE52F085C2300EF88AB /* ViewModels */,
				AD801BE12F085BF300EF88AB /* Services */,
				AD801BDA2F085BBB00EF88AB /* Models */,
				AD801BB12F084B8200EF88AB /* house_plants */,
				AD801BBF2F084B8400EF88AB /* house_plantsTests */,
				AD801BC92F084B8400EF88AB /* house_plantsUITests */,
				AD801BB02F084B8200EF88AB /* Products */,
			);
			sourceTree = "<group>";
		};
		AD801BB02F084B8200EF88AB /* Products */ = {
			isa = PBXGroup;
			children = (
				AD801BAF2F084B8200EF88AB /* house_plants.app */,
				AD801BBC2F084B8400EF88AB /* house_plantsTests.xctest */,
				AD801BC62F084B8400EF88AB /* house_plantsUITests.xctest */,
			);
			name = Products;
			sourceTree = "<group>";
		};
/* End PBXGroup section */

/* Begin PBXNativeTarget section */
		AD801BAE2F084B8200EF88AB /* house_plants */ = {
			isa = PBXNativeTarget;
			buildConfigurationList = AD801BD02F084B8400EF88AB /* Build configuration list for PBXNativeTarget "house_plants" */;
			buildPhases = (
				AD801BAB2F084B8200EF88AB /* Sources */,
				AD801BAC2F084B8200EF88AB /* Frameworks */,
				AD801BAD2F084B8200EF88AB /* Resources */,
			);
			buildRules = (
			);
			dependencies = (
			);
			fileSystemSynchronizedGroups = (
				AD801BB12F084B8200EF88AB /* house_plants */,
				AD801BDA2F085BBB00EF88AB /* Models */,
				AD801BE12F085BF300EF88AB /* Services */,
				AD801BE52F085C2300EF88AB /* ViewModels */,
				AD801BEC2F085C5800EF88AB /* Views */,
			);
			name = house_plants;
			packageProductDependencies = (
			);
			productName = house_plants;
			productReference = AD801BAF2F084B8200EF88AB /* house_plants.app */;
			productType = "com.apple.product-type.application";
		};
		AD801BBB2F084B8400EF88AB /* house_plantsTests */ = {
			isa = PBXNativeTarget;
			buildConfigurationList = AD801BD32F084B8400EF88AB /* Build configuration list for PBXNativeTarget "house_plantsTests" */;
			buildPhases = (
				AD801BB82F084B8400EF88AB /* Sources */,
				AD801BB92F084B8400EF88AB /* Frameworks */,
				AD801BBA2F084B8400EF88AB /* Resources */,
			);
			buildRules = (
			);
			dependencies = (
				AD801BBE2F084B8400EF88AB /* PBXTargetDependency */,
			);
			fileSystemSynchronizedGroups = (
				AD801BBF2F084B8400EF88AB /* house_plantsTests */,
			);
			name = house_plantsTests;
			packageProductDependencies = (
			);
			productName = house_plantsTests;
			productReference = AD801BBC2F084B8400EF88AB /* house_plantsTests.xctest */;
			productType = "com.apple.product-type.bundle.unit-test";
		};
		AD801BC52F084B8400EF88AB /* house_plantsUITests */ = {
			isa = PBXNativeTarget;
			buildConfigurationList = AD801BD62F084B8400EF88AB /* Build configuration list for PBXNativeTarget "house_plantsUITests" */;
			buildPhases = (
				AD801BC22F084B8400EF88AB /* Sources */,
				AD801BC32F084B8400EF88AB /* Frameworks */,
				AD801BC42F084B8400EF88AB /* Resources */,
			);
			buildRules = (
			);
			dependencies = (
				AD801BC82F084B8400EF88AB /* PBXTargetDependency */,
			);
			fileSystemSynchronizedGroups = (
				AD801BC92F084B8400EF88AB /* house_plantsUITests */,
			);
			name = house_plantsUITests;
			packageProductDependencies = (
			);
			productName = house_plantsUITests;
			productReference = AD801BC62F084B8400EF88AB /* house_plantsUITests.xctest */;
			productType = "com.apple.product-type.bundle.ui-testing";
		};
/* End PBXNativeTarget section */

/* Begin PBXProject section */
		AD801BA72F084B8100EF88AB /* Project object */ = {
			isa = PBXProject;
			attributes = {
				BuildIndependentTargetsInParallel = 1;
				LastSwiftUpdateCheck = 1640;
				LastUpgradeCheck = 1640;
				TargetAttributes = {
					AD801BAE2F084B8200EF88AB = {
						CreatedOnToolsVersion = 16.4;
					};
					AD801BBB2F084B8400EF88AB = {
						CreatedOnToolsVersion = 16.4;
						TestTargetID = AD801BAE2F084B8200EF88AB;
					};
					AD801BC52F084B8400EF88AB = {
						CreatedOnToolsVersion = 16.4;
						TestTargetID = AD801BAE2F084B8200EF88AB;
					};
				};
			};
			buildConfigurationList = AD801BAA2F084B8100EF88AB /* Build configuration list for PBXProject "house_plants" */;
			developmentRegion = en;
			hasScannedForEncodings = 0;
			knownRegions = (
				en,
				Base,
			);
			mainGroup = AD801BA62F084B8100EF88AB;
			minimizedProjectReferenceProxies = 1;
			preferredProjectObjectVersion = 77;
			productRefGroup = AD801BB02F084B8200EF88AB /* Products */;
			projectDirPath = "";
			projectRoot = "";
			targets = (
				AD801BAE2F084B8200EF88AB /* house_plants */,
				AD801BBB2F084B8400EF88AB /* house_plantsTests */,
				AD801BC52F084B8400EF88AB /* house_plantsUITests */,
			);
		};
/* End PBXProject section */

/* Begin PBXResourcesBuildPhase section */
		AD801BAD2F084B8200EF88AB /* Resources */ = {
			isa = PBXResourcesBuildPhase;
			buildActionMask = 2147483647;
			files = (
			);
			runOnlyForDeploymentPostprocessing = 0;
		};
		AD801BBA2F084B8400EF88AB /* Resources */ = {
			isa = PBXResourcesBuildPhase;
			buildActionMask = 2147483647;
			files = (
			);
			runOnlyForDeploymentPostprocessing = 0;
		};
		AD801BC42F084B8400EF88AB /* Resources */ = {
			isa = PBXResourcesBuildPhase;
			buildActionMask = 2147483647;
			files = (
			);
			runOnlyForDeploymentPostprocessing = 0;
		};
/* End PBXResourcesBuildPhase section */

/* Begin PBXSourcesBuildPhase section */
		AD801BAB2F084B8200EF88AB /* Sources */ = {
			isa = PBXSourcesBuildPhase;
			buildActionMask = 2147483647;
			files = (
			);
			runOnlyForDeploymentPostprocessing = 0;
		};
		AD801BB82F084B8400EF88AB /* Sources */ = {
			isa = PBXSourcesBuildPhase;
			buildActionMask = 2147483647;
			files = (
			);
			runOnlyForDeploymentPostprocessing = 0;
		};
		AD801BC22F084B8400EF88AB /* Sources */ = {
			isa = PBXSourcesBuildPhase;
			buildActionMask = 2147483647;
			files = (
			);
			runOnlyForDeploymentPostprocessing = 0;
		};
/* End PBXSourcesBuildPhase section */

/* Begin PBXTargetDependency section */
		AD801BBE2F084B8400EF88AB /* PBXTargetDependency */ = {
			isa = PBXTargetDependency;
			target = AD801BAE2F084B8200EF88AB /* house_plants */;
			targetProxy = AD801BBD2F084B8400EF88AB /* PBXContainerItemProxy */;
		};
		AD801BC82F084B8400EF88AB /* PBXTargetDependency */ = {
			isa = PBXTargetDependency;
			target = AD801BAE2F084B8200EF88AB /* house_plants */;
			targetProxy = AD801BC72F084B8400EF88AB /* PBXContainerItemProxy */;
		};
/* End PBXTargetDependency section */

/* Begin XCBuildConfiguration section */
		AD801BCE2F084B8400EF88AB /* Debug */ = {
			isa = XCBuildConfiguration;
			buildSettings = {
				ALWAYS_SEARCH_USER_PATHS = NO;
				ASSETCATALOG_COMPILER_GENERATE_SWIFT_ASSET_SYMBOL_EXTENSIONS = YES;
				CLANG_ANALYZER_NONNULL = YES;
				CLANG_ANALYZER_NUMBER_OBJECT_CONVERSION = YES_AGGRESSIVE;
				CLANG_CXX_LANGUAGE_STANDARD = "gnu++20";
				CLANG_ENABLE_MODULES = YES;
				CLANG_ENABLE_OBJC_ARC = YES;
				CLANG_ENABLE_OBJC_WEAK = YES;
				CLANG_WARN_BLOCK_CAPTURE_AUTORELEASING = YES;
				CLANG_WARN_BOOL_CONVERSION = YES;
				CLANG_WARN_COMMA = YES;
				CLANG_WARN_CONSTANT_CONVERSION = YES;
				CLANG_WARN_DEPRECATED_OBJC_IMPLEMENTATIONS = YES;
				CLANG_WARN_DIRECT_OBJC_ISA_USAGE = YES_ERROR;
				CLANG_WARN_DOCUMENTATION_COMMENTS = YES;
				CLANG_WARN_EMPTY_BODY = YES;
				CLANG_WARN_ENUM_CONVERSION = YES;
				CLANG_WARN_INFINITE_RECURSION = YES;
				CLANG_WARN_INT_CONVERSION = YES;
				CLANG_WARN_NON_LITERAL_NULL_CONVERSION = YES;
				CLANG_WARN_OBJC_IMPLICIT_RETAIN_SELF = YES;
				CLANG_WARN_OBJC_LITERAL_CONVERSION = YES;
				CLANG_WARN_OBJC_ROOT_CLASS = YES_ERROR;
				CLANG_WARN_QUOTED_INCLUDE_IN_FRAMEWORK_HEADER = YES;
				CLANG_WARN_RANGE_LOOP_ANALYSIS = YES;
				CLANG_WARN_STRICT_PROTOTYPES = YES;
				CLANG_WARN_SUSPICIOUS_MOVE = YES;
				CLANG_WARN_UNGUARDED_AVAILABILITY = YES_AGGRESSIVE;
				CLANG_WARN_UNREACHABLE_CODE = YES;
				CLANG_WARN__DUPLICATE_METHOD_MATCH = YES;
				COPY_PHASE_STRIP = NO;
				DEBUG_INFORMATION_FORMAT = dwarf;
				ENABLE_STRICT_OBJC_MSGSEND = YES;
				ENABLE_TESTABILITY = YES;
				ENABLE_USER_SCRIPT_SANDBOXING = YES;
				GCC_C_LANGUAGE_STANDARD = gnu17;
				GCC_DYNAMIC_NO_PIC = NO;
				GCC_NO_COMMON_BLOCKS = YES;
				GCC_OPTIMIZATION_LEVEL = 0;
				GCC_PREPROCESSOR_DEFINITIONS = (
					"DEBUG=1",
					"$(inherited)",
				);
				GCC_WARN_64_TO_32_BIT_CONVERSION = YES;
				GCC_WARN_ABOUT_RETURN_TYPE = YES_ERROR;
				GCC_WARN_UNDECLARED_SELECTOR = YES;
				GCC_WARN_UNINITIALIZED_AUTOS = YES_AGGRESSIVE;
				GCC_WARN_UNUSED_FUNCTION = YES;
				GCC_WARN_UNUSED_VARIABLE = YES;
				IPHONEOS_DEPLOYMENT_TARGET = 18.5;
				LOCALIZATION_PREFERS_STRING_CATALOGS = YES;
				MTL_ENABLE_DEBUG_INFO = INCLUDE_SOURCE;
				MTL_FAST_MATH = YES;
				ONLY_ACTIVE_ARCH = YES;
				SDKROOT = iphoneos;
				SWIFT_ACTIVE_COMPILATION_CONDITIONS = "DEBUG $(inherited)";
				SWIFT_OPTIMIZATION_LEVEL = "-Onone";
			};
			name = Debug;
		};
		AD801BCF2F084B8400EF88AB /* Release */ = {
			isa = XCBuildConfiguration;
			buildSettings = {
				ALWAYS_SEARCH_USER_PATHS = NO;
				ASSETCATALOG_COMPILER_GENERATE_SWIFT_ASSET_SYMBOL_EXTENSIONS = YES;
				CLANG_ANALYZER_NONNULL = YES;
				CLANG_ANALYZER_NUMBER_OBJECT_CONVERSION = YES_AGGRESSIVE;
				CLANG_CXX_LANGUAGE_STANDARD = "gnu++20";
				CLANG_ENABLE_MODULES = YES;
				CLANG_ENABLE_OBJC_ARC = YES;
				CLANG_ENABLE_OBJC_WEAK = YES;
				CLANG_WARN_BLOCK_CAPTURE_AUTORELEASING = YES;
				CLANG_WARN_BOOL_CONVERSION = YES;
				CLANG_WARN_COMMA = YES;
				CLANG_WARN_CONSTANT_CONVERSION = YES;
				CLANG_WARN_DEPRECATED_OBJC_IMPLEMENTATIONS = YES;
				CLANG_WARN_DIRECT_OBJC_ISA_USAGE = YES_ERROR;
				CLANG_WARN_DOCUMENTATION_COMMENTS = YES;
				CLANG_WARN_EMPTY_BODY = YES;
				CLANG_WARN_ENUM_CONVERSION = YES;
				CLANG_WARN_INFINITE_RECURSION = YES;
				CLANG_WARN_INT_CONVERSION = YES;
				CLANG_WARN_NON_LITERAL_NULL_CONVERSION = YES;
				CLANG_WARN_OBJC_IMPLICIT_RETAIN_SELF = YES;
				CLANG_WARN_OBJC_LITERAL_CONVERSION = YES;
				CLANG_WARN_OBJC_ROOT_CLASS = YES_ERROR;
				CLANG_WARN_QUOTED_INCLUDE_IN_FRAMEWORK_HEADER = YES;
				CLANG_WARN_RANGE_LOOP_ANALYSIS = YES;
				CLANG_WARN_STRICT_PROTOTYPES = YES;
				CLANG_WARN_SUSPICIOUS_MOVE = YES;
				CLANG_WARN_UNGUARDED_AVAILABILITY = YES_AGGRESSIVE;
				CLANG_WARN_UNREACHABLE_CODE = YES;
				CLANG_WARN__DUPLICATE_METHOD_MATCH = YES;
				COPY_PHASE_STRIP = NO;
				DEBUG_INFORMATION_FORMAT = "dwarf-with-dsym";
				ENABLE_NS_ASSERTIONS = NO;
				ENABLE_STRICT_OBJC_MSGSEND = YES;
				ENABLE_USER_SCRIPT_SANDBOXING = YES;
				GCC_C_LANGUAGE_STANDARD = gnu17;
				GCC_NO_COMMON_BLOCKS = YES;
				GCC_WARN_64_TO_32_BIT_CONVERSION = YES;
				GCC_WARN_ABOUT_RETURN_TYPE = YES_ERROR;
				GCC_WARN_UNDECLARED_SELECTOR = YES;
				GCC_WARN_UNINITIALIZED_AUTOS = YES_AGGRESSIVE;
				GCC_WARN_UNUSED_FUNCTION = YES;
				GCC_WARN_UNUSED_VARIABLE = YES;
				IPHONEOS_DEPLOYMENT_TARGET = 18.5;
				LOCALIZATION_PREFERS_STRING_CATALOGS = YES;
				MTL_ENABLE_DEBUG_INFO = NO;
				MTL_FAST_MATH = YES;
				SDKROOT = iphoneos;
				SWIFT_COMPILATION_MODE = wholemodule;
				VALIDATE_PRODUCT = YES;
			};
			name = Release;
		};
		AD801BD12F084B8400EF88AB /* Debug */ = {
			isa = XCBuildConfiguration;
			buildSettings = {
				ASSETCATALOG_COMPILER_APPICON_NAME = AppIcon;
				ASSETCATALOG_COMPILER_GLOBAL_ACCENT_COLOR_NAME = AccentColor;
				CODE_SIGN_STYLE = Automatic;
				CURRENT_PROJECT_VERSION = 1;
				ENABLE_PREVIEWS = YES;
				GENERATE_INFOPLIST_FILE = YES;
				INFOPLIST_FILE = "house-plants-Info.plist";
				INFOPLIST_KEY_UIApplicationSceneManifest_Generation = YES;
				INFOPLIST_KEY_UIApplicationSupportsIndirectInputEvents = YES;
				INFOPLIST_KEY_UILaunchScreen_Generation = YES;
				INFOPLIST_KEY_UISupportedInterfaceOrientations_iPad = "UIInterfaceOrientationPortrait UIInterfaceOrientationPortraitUpsideDown UIInterfaceOrientationLandscapeLeft UIInterfaceOrientationLandscapeRight";
				INFOPLIST_KEY_UISupportedInterfaceOrientations_iPhone = "UIInterfaceOrientationPortrait UIInterfaceOrientationLandscapeLeft UIInterfaceOrientationLandscapeRight";
				LD_RUNPATH_SEARCH_PATHS = (
					"$(inherited)",
					"@executable_path/Frameworks",
				);
				MARKETING_VERSION = 1.0;
				PRODUCT_BUNDLE_IDENTIFIER = "com.newapp.apple.house-plants";
				PRODUCT_NAME = "$(TARGET_NAME)";
				SWIFT_EMIT_LOC_STRINGS = YES;
				SWIFT_VERSION = 5.0;
				TARGETED_DEVICE_FAMILY = "1,2";
			};
			name = Debug;
		};
		AD801BD22F084B8400EF88AB /* Release */ = {
			isa = XCBuildConfiguration;
			buildSettings = {
				ASSETCATALOG_COMPILER_APPICON_NAME = AppIcon;
				ASSETCATALOG_COMPILER_GLOBAL_ACCENT_COLOR_NAME = AccentColor;
				CODE_SIGN_STYLE = Automatic;
				CURRENT_PROJECT_VERSION = 1;
				ENABLE_PREVIEWS = YES;
				GENERATE_INFOPLIST_FILE = YES;
				INFOPLIST_FILE = "house-plants-Info.plist";
				INFOPLIST_KEY_UIApplicationSceneManifest_Generation = YES;
				INFOPLIST_KEY_UIApplicationSupportsIndirectInputEvents = YES;
				INFOPLIST_KEY_UILaunchScreen_Generation = YES;
				INFOPLIST_KEY_UISupportedInterfaceOrientations_iPad = "UIInterfaceOrientationPortrait UIInterfaceOrientationPortraitUpsideDown UIInterfaceOrientationLandscapeLeft UIInterfaceOrientationLandscapeRight";
				INFOPLIST_KEY_UISupportedInterfaceOrientations_iPhone = "UIInterfaceOrientationPortrait UIInterfaceOrientationLandscapeLeft UIInterfaceOrientationLandscapeRight";
				LD_RUNPATH_SEARCH_PATHS = (
					"$(inherited)",
					"@executable_path/Frameworks",
				);
				MARKETING_VERSION = 1.0;
				PRODUCT_BUNDLE_IDENTIFIER = "com.newapp.apple.house-plants";
				PRODUCT_NAME = "$(TARGET_NAME)";
				SWIFT_EMIT_LOC_STRINGS = YES;
				SWIFT_VERSION = 5.0;
				TARGETED_DEVICE_FAMILY = "1,2";
			};
			name = Release;
		};
		AD801BD42F084B8400EF88AB /* Debug */ = {
			isa = XCBuildConfiguration;
			buildSettings = {
				BUNDLE_LOADER = "$(TEST_HOST)";
				CODE_SIGN_STYLE = Automatic;
				CURRENT_PROJECT_VERSION = 1;
				GENERATE_INFOPLIST_FILE = YES;
				IPHONEOS_DEPLOYMENT_TARGET = 18.5;
				MARKETING_VERSION = 1.0;
				PRODUCT_BUNDLE_IDENTIFIER = "com.newapp.apple.house-plantsTests";
				PRODUCT_NAME = "$(TARGET_NAME)";
				SWIFT_EMIT_LOC_STRINGS = NO;
				SWIFT_VERSION = 5.0;
				TARGETED_DEVICE_FAMILY = "1,2";
				TEST_HOST = "$(BUILT_PRODUCTS_DIR)/house_plants.app/$(BUNDLE_EXECUTABLE_FOLDER_PATH)/house_plants";
			};
			name = Debug;
		};
		AD801BD52F084B8400EF88AB /* Release */ = {
			isa = XCBuildConfiguration;
			buildSettings = {
				BUNDLE_LOADER = "$(TEST_HOST)";
				CODE_SIGN_STYLE = Automatic;
				CURRENT_PROJECT_VERSION = 1;
				GENERATE_INFOPLIST_FILE = YES;
				IPHONEOS_DEPLOYMENT_TARGET = 18.5;
				MARKETING_VERSION = 1.0;
				PRODUCT_BUNDLE_IDENTIFIER = "com.newapp.apple.house-plantsTests";
				PRODUCT_NAME = "$(TARGET_NAME)";
				SWIFT_EMIT_LOC_STRINGS = NO;
				SWIFT_VERSION = 5.0;
				TARGETED_DEVICE_FAMILY = "1,2";
				TEST_HOST = "$(BUILT_PRODUCTS_DIR)/house_plants.app/$(BUNDLE_EXECUTABLE_FOLDER_PATH)/house_plants";
			};
			name = Release;
		};
		AD801BD72F084B8400EF88AB /* Debug */ = {
			isa = XCBuildConfiguration;
			buildSettings = {
				CODE_SIGN_STYLE = Automatic;
				CURRENT_PROJECT_VERSION = 1;
				GENERATE_INFOPLIST_FILE = YES;
				MARKETING_VERSION = 1.0;
				PRODUCT_BUNDLE_IDENTIFIER = "com.newapp.apple.house-plantsUITests";
				PRODUCT_NAME = "$(TARGET_NAME)";
				SWIFT_EMIT_LOC_STRINGS = NO;
				SWIFT_VERSION = 5.0;
				TARGETED_DEVICE_FAMILY = "1,2";
				TEST_TARGET_NAME = house_plants;
			};
			name = Debug;
		};
		AD801BD82F084B8400EF88AB /* Release */ = {
			isa = XCBuildConfiguration;
			buildSettings = {
				CODE_SIGN_STYLE = Automatic;
				CURRENT_PROJECT_VERSION = 1;
				GENERATE_INFOPLIST_FILE = YES;
				MARKETING_VERSION = 1.0;
				PRODUCT_BUNDLE_IDENTIFIER = "com.newapp.apple.house-plantsUITests";
				PRODUCT_NAME = "$(TARGET_NAME)";
				SWIFT_EMIT_LOC_STRINGS = NO;
				SWIFT_VERSION = 5.0;
				TARGETED_DEVICE_FAMILY = "1,2";
				TEST_TARGET_NAME = house_plants;
			};
			name = Release;
		};
/* End XCBuildConfiguration section */

/* Begin XCConfigurationList section */
		AD801BAA2F084B8100EF88AB /* Build configuration list for PBXProject "house_plants" */ = {
			isa = XCConfigurationList;
			buildConfigurations = (
				AD801BCE2F084B8400EF88AB /* Debug */,
				AD801BCF2F084B8400EF88AB /* Release */,
			);
			defaultConfigurationIsVisible = 0;
			defaultConfigurationName = Release;
		};
		AD801BD02F084B8400EF88AB /* Build configuration list for PBXNativeTarget "house_plants" */ = {
			isa = XCConfigurationList;
			buildConfigurations = (
				AD801BD12F084B8400EF88AB /* Debug */,
				AD801BD22F084B8400EF88AB /* Release */,
			);
			defaultConfigurationIsVisible = 0;
			defaultConfigurationName = Release;
		};
		AD801BD32F084B8400EF88AB /* Build configuration list for PBXNativeTarget "house_plantsTests" */ = {
			isa = XCConfigurationList;
			buildConfigurations = (
				AD801BD42F084B8400EF88AB /* Debug */,
				AD801BD52F084B8400EF88AB /* Release */,
			);
			defaultConfigurationIsVisible = 0;
			defaultConfigurationName = Release;
		};
		AD801BD62F084B8400EF88AB /* Build configuration list for PBXNativeTarget "house_plantsUITests" */ = {
			isa = XCConfigurationList;
			buildConfigurations = (
				AD801BD72F084B8400EF88AB /* Debug */,
				AD801BD82F084B8400EF88AB /* Release */,
			);
			defaultConfigurationIsVisible = 0;
			defaultConfigurationName = Release;
		};
/* End XCConfigurationList section */
	};
	rootObject = AD801BA72F084B8100EF88AB /* Project object */;
}
